
Microsoft Visual Studio Solution File, Format Version 12.00
# Visual Studio 15
VisualStudioVersion = 15.0.27428.2027
MinimumVisualStudioVersion = 10.0.40219.1
Project("{8BC9CEB8-8B4A-11D0-8D11-00A0C91BC942}") = "State_Machine", "State_Machine\State_Machine.vcxproj", "{4FD5CD39-1F98-428C-93EC-FE5AD04F4149}"
EndProject
Global
	GlobalSection(SolutionConfigurationPlatforms) = preSolution
		Debug|ARM = Debug|ARM
		Debug|x64 = Debug|x64
		Debug|x86 = Debug|x86
		Release|ARM = Release|ARM
		Release|x64 = Release|x64
		Release|x86 = Release|x86
	EndGlobalSection
	GlobalSection(ProjectConfigurationPlatforms) = postSolution
		{4FD5CD39-1F98-428C-93EC-FE5AD04F4149}.Debug|ARM.ActiveCfg = Debug|ARM
		{4FD5CD39-1F98-428C-93EC-FE5AD04F4149}.Debug|ARM.Build.0 = Debug|ARM
		{4FD5CD39-1F98-428C-93EC-FE5AD04F4149}.Debug|x64.ActiveCfg = Debug|x64
		{4FD5CD39-1F98-428C-93EC-FE5AD04F4149}.Debug|x64.Build.0 = Debug|x64
		{4FD5CD39-1F98-428C-93EC-FE5AD04F4149}.Debug|x86.ActiveCfg = Debug|x86
		{4FD5CD39-1F98-428C-93EC-FE5AD04F4149}.Debug|x86.Build.0 = Debug|x86
		{4FD5CD39-1F98-428C-93EC-FE5AD04F4149}.Release|ARM.ActiveCfg = Release|ARM
		{4FD5CD39-1F98-428C-93EC-FE5AD04F4149}.Release|ARM.Build.0 = Release|ARM
		{4FD5CD39-1F98-428C-93EC-FE5AD04F4149}.Release|x64.ActiveCfg = Release|x64
		{4FD5CD39-1F98-428C-93EC-FE5AD04F4149}.Release|x64.Build.0 = Release|x64
		{4FD5CD39-1F98-428C-93EC-FE5AD04F4149}.Release|x86.ActiveCfg = Release|x86
		{4FD5CD39-1F98-428C-93EC-FE5AD04F4149}.Release|x86.Build.0 = Release|x86
	EndGlobalSection
	GlobalSection(SolutionProperties) = preSolution
		HideSolutionNode = FALSE
	EndGlobalSection
	GlobalSection(ExtensibilityGlobals) = postSolution
		SolutionGuid = {6009B9DF-BBA0-4A46-9655-FF78F94677EA}
	EndGlobalSection
EndGlobal
